
Microsoft Visual Studio Solution File, Format Version 12.00
# Visual Studio Version 16
VisualStudioVersion = 16.0.30907.101
MinimumVisualStudioVersion = 10.0.40219.1
Project("{FAE04EC0-301F-11D3-BF4B-00C04F79EFBC}") = "KP", "KP\KP.csproj", "{57608C9B-DA42-46E5-9353-E35248625B54}"
EndProject
Global
	GlobalSection(SolutionConfigurationPlatforms) = preSolution
		Debug|Any CPU = Debug|Any CPU
		Release|Any CPU = Release|Any CPU
	EndGlobalSection
	GlobalSection(ProjectConfigurationPlatforms) = postSolution
		{57608C9B-DA42-46E5-9353-E35248625B54}.Debug|Any CPU.ActiveCfg = Debug|Any CPU
		{57608C9B-DA42-46E5-9353-E35248625B54}.Debug|Any CPU.Build.0 = Debug|Any CPU
		{57608C9B-DA42-46E5-9353-E35248625B54}.Release|Any CPU.ActiveCfg = Release|Any CPU
		{57608C9B-DA42-46E5-9353-E35248625B54}.Release|Any CPU.Build.0 = Release|Any CPU
	EndGlobalSection
	GlobalSection(SolutionProperties) = preSolution
		HideSolutionNode = FALSE
	EndGlobalSection
	GlobalSection(ExtensibilityGlobals) = postSolution
		SolutionGuid = {5639017A-549A-4694-9374-1FB353DB3977}
	EndGlobalSection
EndGlobal
